
Microsoft Visual Studio Solution File, Format Version 12.00
# Visual Studio 14
VisualStudioVersion = 14.0.25123.0
MinimumVisualStudioVersion = 10.0.40219.1
Project("{FAE04EC0-301F-11D3-BF4B-00C04F79EFBC}") = "Rahul_git.Droid", "Rahul_git\Rahul_git.Droid\Rahul_git.Droid.csproj", "{31427E33-FF0B-4259-BA5F-588D385C51EF}"
EndProject
Project("{FAE04EC0-301F-11D3-BF4B-00C04F79EFBC}") = "Rahul_git.iOS", "Rahul_git\Rahul_git.iOS\Rahul_git.iOS.csproj", "{FACA0770-9EE8-4A0A-A869-C98857F35EA8}"
EndProject
Project("{FAE04EC0-301F-11D3-BF4B-00C04F79EFBC}") = "Rahul_git.UWP", "Rahul_git\Rahul_git.UWP\Rahul_git.UWP.csproj", "{936B26F4-D618-4A79-87F6-BD347CF0FB15}"
EndProject
Project("{FAE04EC0-301F-11D3-BF4B-00C04F79EFBC}") = "Rahul_git.Windows", "Rahul_git\Rahul_git.Windows\Rahul_git.Windows.csproj", "{ED7A62B6-E1CC-45B8-B4D1-0D76E0703CB5}"
EndProject
Project("{FAE04EC0-301F-11D3-BF4B-00C04F79EFBC}") = "Rahul_git", "Rahul_git\Rahul_git\Rahul_git.csproj", "{384BE087-A6AE-4475-95A8-170A8B37C7A7}"
EndProject
Global
	GlobalSection(SolutionConfigurationPlatforms) = preSolution
		Ad-Hoc|Any CPU = Ad-Hoc|Any CPU
		Ad-Hoc|ARM = Ad-Hoc|ARM
		Ad-Hoc|iPhone = Ad-Hoc|iPhone
		Ad-Hoc|iPhoneSimulator = Ad-Hoc|iPhoneSimulator
		Ad-Hoc|x64 = Ad-Hoc|x64
		Ad-Hoc|x86 = Ad-Hoc|x86
		AppStore|Any CPU = AppStore|Any CPU
		AppStore|ARM = AppStore|ARM
		AppStore|iPhone = AppStore|iPhone
		AppStore|iPhoneSimulator = AppStore|iPhoneSimulator
		AppStore|x64 = AppStore|x64
		AppStore|x86 = AppStore|x86
		Debug|Any CPU = Debug|Any CPU
		Debug|ARM = Debug|ARM
		Debug|iPhone = Debug|iPhone
		Debug|iPhoneSimulator = Debug|iPhoneSimulator
		Debug|x64 = Debug|x64
		Debug|x86 = Debug|x86
		Release|Any CPU = Release|Any CPU
		Release|ARM = Release|ARM
		Release|iPhone = Release|iPhone
		Release|iPhoneSimulator = Release|iPhoneSimulator
		Release|x64 = Release|x64
		Release|x86 = Release|x86
	EndGlobalSection
	GlobalSection(ProjectConfigurationPlatforms) = postSolution
		{31427E33-FF0B-4259-BA5F-588D385C51EF}.Ad-Hoc|Any CPU.ActiveCfg = Release|Any CPU
		{31427E33-FF0B-4259-BA5F-588D385C51EF}.Ad-Hoc|Any CPU.Build.0 = Release|Any CPU
		{31427E33-FF0B-4259-BA5F-588D385C51EF}.Ad-Hoc|Any CPU.Deploy.0 = Release|Any CPU
		{31427E33-FF0B-4259-BA5F-588D385C51EF}.Ad-Hoc|ARM.ActiveCfg = Release|Any CPU
		{31427E33-FF0B-4259-BA5F-588D385C51EF}.Ad-Hoc|ARM.Build.0 = Release|Any CPU
		{31427E33-FF0B-4259-BA5F-588D385C51EF}.Ad-Hoc|ARM.Deploy.0 = Release|Any CPU
		{31427E33-FF0B-4259-BA5F-588D385C51EF}.Ad-Hoc|iPhone.ActiveCfg = Release|Any CPU
		{31427E33-FF0B-4259-BA5F-588D385C51EF}.Ad-Hoc|iPhone.Build.0 = Release|Any CPU
		{31427E33-FF0B-4259-BA5F-588D385C51EF}.Ad-Hoc|iPhone.Deploy.0 = Release|Any CPU
		{31427E33-FF0B-4259-BA5F-588D385C51EF}.Ad-Hoc|iPhoneSimulator.ActiveCfg = Release|Any CPU
		{31427E33-FF0B-4259-BA5F-588D385C51EF}.Ad-Hoc|iPhoneSimulator.Build.0 = Release|Any CPU
		{31427E33-FF0B-4259-BA5F-588D385C51EF}.Ad-Hoc|iPhoneSimulator.Deploy.0 = Release|Any CPU
		{31427E33-FF0B-4259-BA5F-588D385C51EF}.Ad-Hoc|x64.ActiveCfg = Release|Any CPU
		{31427E33-FF0B-4259-BA5F-588D385C51EF}.Ad-Hoc|x64.Build.0 = Release|Any CPU
		{31427E33-FF0B-4259-BA5F-588D385C51EF}.Ad-Hoc|x64.Deploy.0 = Release|Any CPU
		{31427E33-FF0B-4259-BA5F-588D385C51EF}.Ad-Hoc|x86.ActiveCfg = Release|Any CPU
		{31427E33-FF0B-4259-BA5F-588D385C51EF}.Ad-Hoc|x86.Build.0 = Release|Any CPU
		{31427E33-FF0B-4259-BA5F-588D385C51EF}.Ad-Hoc|x86.Deploy.0 = Release|Any CPU
		{31427E33-FF0B-4259-BA5F-588D385C51EF}.AppStore|Any CPU.ActiveCfg = Release|Any CPU
		{31427E33-FF0B-4259-BA5F-588D385C51EF}.AppStore|Any CPU.Build.0 = Release|Any CPU
		{31427E33-FF0B-4259-BA5F-588D385C51EF}.AppStore|Any CPU.Deploy.0 = Release|Any CPU
		{31427E33-FF0B-4259-BA5F-588D385C51EF}.AppStore|ARM.ActiveCfg = Release|Any CPU
		{31427E33-FF0B-4259-BA5F-588D385C51EF}.AppStore|ARM.Build.0 = Release|Any CPU
		{31427E33-FF0B-4259-BA5F-588D385C51EF}.AppStore|ARM.Deploy.0 = Release|Any CPU
		{31427E33-FF0B-4259-BA5F-588D385C51EF}.AppStore|iPhone.ActiveCfg = Release|Any CPU
		{31427E33-FF0B-4259-BA5F-588D385C51EF}.AppStore|iPhone.Build.0 = Release|Any CPU
		{31427E33-FF0B-4259-BA5F-588D385C51EF}.AppStore|iPhone.Deploy.0 = Release|Any CPU
		{31427E33-FF0B-4259-BA5F-588D385C51EF}.AppStore|iPhoneSimulator.ActiveCfg = Release|Any CPU
		{31427E33-FF0B-4259-BA5F-588D385C51EF}.AppStore|iPhoneSimulator.Build.0 = Release|Any CPU
		{31427E33-FF0B-4259-BA5F-588D385C51EF}.AppStore|iPhoneSimulator.Deploy.0 = Release|Any CPU
		{31427E33-FF0B-4259-BA5F-588D385C51EF}.AppStore|x64.ActiveCfg = Release|Any CPU
		{31427E33-FF0B-4259-BA5F-588D385C51EF}.AppStore|x64.Build.0 = Release|Any CPU
		{31427E33-FF0B-4259-BA5F-588D385C51EF}.AppStore|x64.Deploy.0 = Release|Any CPU
		{31427E33-FF0B-4259-BA5F-588D385C51EF}.AppStore|x86.ActiveCfg = Release|Any CPU
		{31427E33-FF0B-4259-BA5F-588D385C51EF}.AppStore|x86.Build.0 = Release|Any CPU
		{31427E33-FF0B-4259-BA5F-588D385C51EF}.AppStore|x86.Deploy.0 = Release|Any CPU
		{31427E33-FF0B-4259-BA5F-588D385C51EF}.Debug|Any CPU.ActiveCfg = Debug|Any CPU
		{31427E33-FF0B-4259-BA5F-588D385C51EF}.Debug|Any CPU.Build.0 = Debug|Any CPU
		{31427E33-FF0B-4259-BA5F-588D385C51EF}.Debug|Any CPU.Deploy.0 = Debug|Any CPU
		{31427E33-FF0B-4259-BA5F-588D385C51EF}.Debug|ARM.ActiveCfg = Debug|Any CPU
		{31427E33-FF0B-4259-BA5F-588D385C51EF}.Debug|ARM.Build.0 = Debug|Any CPU
		{31427E33-FF0B-4259-BA5F-588D385C51EF}.Debug|ARM.Deploy.0 = Debug|Any CPU
		{31427E33-FF0B-4259-BA5F-588D385C51EF}.Debug|iPhone.ActiveCfg = Debug|Any CPU
		{31427E33-FF0B-4259-BA5F-588D385C51EF}.Debug|iPhone.Build.0 = Debug|Any CPU
		{31427E33-FF0B-4259-BA5F-588D385C51EF}.Debug|iPhone.Deploy.0 = Debug|Any CPU
		{31427E33-FF0B-4259-BA5F-588D385C51EF}.Debug|iPhoneSimulator.ActiveCfg = Debug|Any CPU
		{31427E33-FF0B-4259-BA5F-588D385C51EF}.Debug|iPhoneSimulator.Build.0 = Debug|Any CPU
		{31427E33-FF0B-4259-BA5F-588D385C51EF}.Debug|iPhoneSimulator.Deploy.0 = Debug|Any CPU
		{31427E33-FF0B-4259-BA5F-588D385C51EF}.Debug|x64.ActiveCfg = Debug|Any CPU
		{31427E33-FF0B-4259-BA5F-588D385C51EF}.Debug|x64.Build.0 = Debug|Any CPU
		{31427E33-FF0B-4259-BA5F-588D385C51EF}.Debug|x64.Deploy.0 = Debug|Any CPU
		{31427E33-FF0B-4259-BA5F-588D385C51EF}.Debug|x86.ActiveCfg = Debug|Any CPU
		{31427E33-FF0B-4259-BA5F-588D385C51EF}.Debug|x86.Build.0 = Debug|Any CPU
		{31427E33-FF0B-4259-BA5F-588D385C51EF}.Debug|x86.Deploy.0 = Debug|Any CPU
		{31427E33-FF0B-4259-BA5F-588D385C51EF}.Release|Any CPU.ActiveCfg = Release|Any CPU
		{31427E33-FF0B-4259-BA5F-588D385C51EF}.Release|Any CPU.Build.0 = Release|Any CPU
		{31427E33-FF0B-4259-BA5F-588D385C51EF}.Release|Any CPU.Deploy.0 = Release|Any CPU
		{31427E33-FF0B-4259-BA5F-588D385C51EF}.Release|ARM.ActiveCfg = Release|Any CPU
		{31427E33-FF0B-4259-BA5F-588D385C51EF}.Release|ARM.Build.0 = Release|Any CPU
		{31427E33-FF0B-4259-BA5F-588D385C51EF}.Release|ARM.Deploy.0 = Release|Any CPU
		{31427E33-FF0B-4259-BA5F-588D385C51EF}.Release|iPhone.ActiveCfg = Release|Any CPU
		{31427E33-FF0B-4259-BA5F-588D385C51EF}.Release|iPhone.Build.0 = Release|Any CPU
		{31427E33-FF0B-4259-BA5F-588D385C51EF}.Release|iPhone.Deploy.0 = Release|Any CPU
		{31427E33-FF0B-4259-BA5F-588D385C51EF}.Release|iPhoneSimulator.ActiveCfg = Release|Any CPU
		{31427E33-FF0B-4259-BA5F-588D385C51EF}.Release|iPhoneSimulator.Build.0 = Release|Any CPU
		{31427E33-FF0B-4259-BA5F-588D385C51EF}.Release|iPhoneSimulator.Deploy.0 = Release|Any CPU
		{31427E33-FF0B-4259-BA5F-588D385C51EF}.Release|x64.ActiveCfg = Release|Any CPU
		{31427E33-FF0B-4259-BA5F-588D385C51EF}.Release|x64.Build.0 = Release|Any CPU
		{31427E33-FF0B-4259-BA5F-588D385C51EF}.Release|x64.Deploy.0 = Release|Any CPU
		{31427E33-FF0B-4259-BA5F-588D385C51EF}.Release|x86.ActiveCfg = Release|Any CPU
		{31427E33-FF0B-4259-BA5F-588D385C51EF}.Release|x86.Build.0 = Release|Any CPU
		{31427E33-FF0B-4259-BA5F-588D385C51EF}.Release|x86.Deploy.0 = Release|Any CPU
		{FACA0770-9EE8-4A0A-A869-C98857F35EA8}.Ad-Hoc|Any CPU.ActiveCfg = Ad-Hoc|iPhone
		{FACA0770-9EE8-4A0A-A869-C98857F35EA8}.Ad-Hoc|ARM.ActiveCfg = Ad-Hoc|iPhone
		{FACA0770-9EE8-4A0A-A869-C98857F35EA8}.Ad-Hoc|iPhone.ActiveCfg = Ad-Hoc|iPhone
		{FACA0770-9EE8-4A0A-A869-C98857F35EA8}.Ad-Hoc|iPhone.Build.0 = Ad-Hoc|iPhone
		{FACA0770-9EE8-4A0A-A869-C98857F35EA8}.Ad-Hoc|iPhoneSimulator.ActiveCfg = Ad-Hoc|iPhoneSimulator
		{FACA0770-9EE8-4A0A-A869-C98857F35EA8}.Ad-Hoc|iPhoneSimulator.Build.0 = Ad-Hoc|iPhoneSimulator
		{FACA0770-9EE8-4A0A-A869-C98857F35EA8}.Ad-Hoc|x64.ActiveCfg = Ad-Hoc|iPhone
		{FACA0770-9EE8-4A0A-A869-C98857F35EA8}.Ad-Hoc|x86.ActiveCfg = Ad-Hoc|iPhone
		{FACA0770-9EE8-4A0A-A869-C98857F35EA8}.AppStore|Any CPU.ActiveCfg = AppStore|iPhone
		{FACA0770-9EE8-4A0A-A869-C98857F35EA8}.AppStore|ARM.ActiveCfg = AppStore|iPhone
		{FACA0770-9EE8-4A0A-A869-C98857F35EA8}.AppStore|iPhone.ActiveCfg = AppStore|iPhone
		{FACA0770-9EE8-4A0A-A869-C98857F35EA8}.AppStore|iPhone.Build.0 = AppStore|iPhone
		{FACA0770-9EE8-4A0A-A869-C98857F35EA8}.AppStore|iPhoneSimulator.ActiveCfg = AppStore|iPhoneSimulator
		{FACA0770-9EE8-4A0A-A869-C98857F35EA8}.AppStore|iPhoneSimulator.Build.0 = AppStore|iPhoneSimulator
		{FACA0770-9EE8-4A0A-A869-C98857F35EA8}.AppStore|x64.ActiveCfg = AppStore|iPhone
		{FACA0770-9EE8-4A0A-A869-C98857F35EA8}.AppStore|x86.ActiveCfg = AppStore|iPhone
		{FACA0770-9EE8-4A0A-A869-C98857F35EA8}.Debug|Any CPU.ActiveCfg = Debug|iPhone
		{FACA0770-9EE8-4A0A-A869-C98857F35EA8}.Debug|ARM.ActiveCfg = Debug|iPhone
		{FACA0770-9EE8-4A0A-A869-C98857F35EA8}.Debug|iPhone.ActiveCfg = Debug|iPhone
		{FACA0770-9EE8-4A0A-A869-C98857F35EA8}.Debug|iPhone.Build.0 = Debug|iPhone
		{FACA0770-9EE8-4A0A-A869-C98857F35EA8}.Debug|iPhoneSimulator.ActiveCfg = Debug|iPhoneSimulator
		{FACA0770-9EE8-4A0A-A869-C98857F35EA8}.Debug|iPhoneSimulator.Build.0 = Debug|iPhoneSimulator
		{FACA0770-9EE8-4A0A-A869-C98857F35EA8}.Debug|x64.ActiveCfg = Debug|iPhone
		{FACA0770-9EE8-4A0A-A869-C98857F35EA8}.Debug|x86.ActiveCfg = Debug|iPhone
		{FACA0770-9EE8-4A0A-A869-C98857F35EA8}.Release|Any CPU.ActiveCfg = Release|iPhone
		{FACA0770-9EE8-4A0A-A869-C98857F35EA8}.Release|ARM.ActiveCfg = Release|iPhone
		{FACA0770-9EE8-4A0A-A869-C98857F35EA8}.Release|iPhone.ActiveCfg = Release|iPhone
		{FACA0770-9EE8-4A0A-A869-C98857F35EA8}.Release|iPhone.Build.0 = Release|iPhone
		{FACA0770-9EE8-4A0A-A869-C98857F35EA8}.Release|iPhoneSimulator.ActiveCfg = Release|iPhoneSimulator
		{FACA0770-9EE8-4A0A-A869-C98857F35EA8}.Release|iPhoneSimulator.Build.0 = Release|iPhoneSimulator
		{FACA0770-9EE8-4A0A-A869-C98857F35EA8}.Release|x64.ActiveCfg = Release|iPhone
		{FACA0770-9EE8-4A0A-A869-C98857F35EA8}.Release|x86.ActiveCfg = Release|iPhone
		{936B26F4-D618-4A79-87F6-BD347CF0FB15}.Ad-Hoc|Any CPU.ActiveCfg = Release|x86
		{936B26F4-D618-4A79-87F6-BD347CF0FB15}.Ad-Hoc|Any CPU.Build.0 = Release|x86
		{936B26F4-D618-4A79-87F6-BD347CF0FB15}.Ad-Hoc|Any CPU.Deploy.0 = Release|x86
		{936B26F4-D618-4A79-87F6-BD347CF0FB15}.Ad-Hoc|ARM.ActiveCfg = Release|ARM
		{936B26F4-D618-4A79-87F6-BD347CF0FB15}.Ad-Hoc|ARM.Build.0 = Release|ARM
		{936B26F4-D618-4A79-87F6-BD347CF0FB15}.Ad-Hoc|ARM.Deploy.0 = Release|ARM
		{936B26F4-D618-4A79-87F6-BD347CF0FB15}.Ad-Hoc|iPhone.ActiveCfg = Release|x86
		{936B26F4-D618-4A79-87F6-BD347CF0FB15}.Ad-Hoc|iPhone.Build.0 = Release|x86
		{936B26F4-D618-4A79-87F6-BD347CF0FB15}.Ad-Hoc|iPhone.Deploy.0 = Release|x86
		{936B26F4-D618-4A79-87F6-BD347CF0FB15}.Ad-Hoc|iPhoneSimulator.ActiveCfg = Release|x86
		{936B26F4-D618-4A79-87F6-BD347CF0FB15}.Ad-Hoc|iPhoneSimulator.Build.0 = Release|x86
		{936B26F4-D618-4A79-87F6-BD347CF0FB15}.Ad-Hoc|iPhoneSimulator.Deploy.0 = Release|x86
		{936B26F4-D618-4A79-87F6-BD347CF0FB15}.Ad-Hoc|x64.ActiveCfg = Release|x64
		{936B26F4-D618-4A79-87F6-BD347CF0FB15}.Ad-Hoc|x64.Build.0 = Release|x64
		{936B26F4-D618-4A79-87F6-BD347CF0FB15}.Ad-Hoc|x64.Deploy.0 = Release|x64
		{936B26F4-D618-4A79-87F6-BD347CF0FB15}.Ad-Hoc|x86.ActiveCfg = Release|x86
		{936B26F4-D618-4A79-87F6-BD347CF0FB15}.Ad-Hoc|x86.Build.0 = Release|x86
		{936B26F4-D618-4A79-87F6-BD347CF0FB15}.Ad-Hoc|x86.Deploy.0 = Release|x86
		{936B26F4-D618-4A79-87F6-BD347CF0FB15}.AppStore|Any CPU.ActiveCfg = Release|x86
		{936B26F4-D618-4A79-87F6-BD347CF0FB15}.AppStore|Any CPU.Build.0 = Release|x86
		{936B26F4-D618-4A79-87F6-BD347CF0FB15}.AppStore|Any CPU.Deploy.0 = Release|x86
		{936B26F4-D618-4A79-87F6-BD347CF0FB15}.AppStore|ARM.ActiveCfg = Release|ARM
		{936B26F4-D618-4A79-87F6-BD347CF0FB15}.AppStore|ARM.Build.0 = Release|ARM
		{936B26F4-D618-4A79-87F6-BD347CF0FB15}.AppStore|ARM.Deploy.0 = Release|ARM
		{936B26F4-D618-4A79-87F6-BD347CF0FB15}.AppStore|iPhone.ActiveCfg = Release|x86
		{936B26F4-D618-4A79-87F6-BD347CF0FB15}.AppStore|iPhone.Build.0 = Release|x86
		{936B26F4-D618-4A79-87F6-BD347CF0FB15}.AppStore|iPhone.Deploy.0 = Release|x86
		{936B26F4-D618-4A79-87F6-BD347CF0FB15}.AppStore|iPhoneSimulator.ActiveCfg = Release|x86
		{936B26F4-D618-4A79-87F6-BD347CF0FB15}.AppStore|iPhoneSimulator.Build.0 = Release|x86
		{936B26F4-D618-4A79-87F6-BD347CF0FB15}.AppStore|iPhoneSimulator.Deploy.0 = Release|x86
		{936B26F4-D618-4A79-87F6-BD347CF0FB15}.AppStore|x64.ActiveCfg = Release|x64
		{936B26F4-D618-4A79-87F6-BD347CF0FB15}.AppStore|x64.Build.0 = Release|x64
		{936B26F4-D618-4A79-87F6-BD347CF0FB15}.AppStore|x64.Deploy.0 = Release|x64
		{936B26F4-D618-4A79-87F6-BD347CF0FB15}.AppStore|x86.ActiveCfg = Release|x86
		{936B26F4-D618-4A79-87F6-BD347CF0FB15}.AppStore|x86.Build.0 = Release|x86
		{936B26F4-D618-4A79-87F6-BD347CF0FB15}.AppStore|x86.Deploy.0 = Release|x86
		{936B26F4-D618-4A79-87F6-BD347CF0FB15}.Debug|Any CPU.ActiveCfg = Debug|x86
		{936B26F4-D618-4A79-87F6-BD347CF0FB15}.Debug|ARM.ActiveCfg = Debug|ARM
		{936B26F4-D618-4A79-87F6-BD347CF0FB15}.Debug|ARM.Build.0 = Debug|ARM
		{936B26F4-D618-4A79-87F6-BD347CF0FB15}.Debug|ARM.Deploy.0 = Debug|ARM
		{936B26F4-D618-4A79-87F6-BD347CF0FB15}.Debug|iPhone.ActiveCfg = Debug|x86
		{936B26F4-D618-4A79-87F6-BD347CF0FB15}.Debug|iPhoneSimulator.ActiveCfg = Debug|x86
		{936B26F4-D618-4A79-87F6-BD347CF0FB15}.Debug|x64.ActiveCfg = Debug|x64
		{936B26F4-D618-4A79-87F6-BD347CF0FB15}.Debug|x64.Build.0 = Debug|x64
		{936B26F4-D618-4A79-87F6-BD347CF0FB15}.Debug|x64.Deploy.0 = Debug|x64
		{936B26F4-D618-4A79-87F6-BD347CF0FB15}.Debug|x86.ActiveCfg = Debug|x86
		{936B26F4-D618-4A79-87F6-BD347CF0FB15}.Debug|x86.Build.0 = Debug|x86
		{936B26F4-D618-4A79-87F6-BD347CF0FB15}.Debug|x86.Deploy.0 = Debug|x86
		{936B26F4-D618-4A79-87F6-BD347CF0FB15}.Release|Any CPU.ActiveCfg = Release|x86
		{936B26F4-D618-4A79-87F6-BD347CF0FB15}.Release|ARM.ActiveCfg = Release|ARM
		{936B26F4-D618-4A79-87F6-BD347CF0FB15}.Release|ARM.Build.0 = Release|ARM
		{936B26F4-D618-4A79-87F6-BD347CF0FB15}.Release|ARM.Deploy.0 = Release|ARM
		{936B26F4-D618-4A79-87F6-BD347CF0FB15}.Release|iPhone.ActiveCfg = Release|x86
		{936B26F4-D618-4A79-87F6-BD347CF0FB15}.Release|iPhoneSimulator.ActiveCfg = Release|x86
		{936B26F4-D618-4A79-87F6-BD347CF0FB15}.Release|x64.ActiveCfg = Release|x64
		{936B26F4-D618-4A79-87F6-BD347CF0FB15}.Release|x64.Build.0 = Release|x64
		{936B26F4-D618-4A79-87F6-BD347CF0FB15}.Release|x64.Deploy.0 = Release|x64
		{936B26F4-D618-4A79-87F6-BD347CF0FB15}.Release|x86.ActiveCfg = Release|x86
		{936B26F4-D618-4A79-87F6-BD347CF0FB15}.Release|x86.Build.0 = Release|x86
		{936B26F4-D618-4A79-87F6-BD347CF0FB15}.Release|x86.Deploy.0 = Release|x86
		{ED7A62B6-E1CC-45B8-B4D1-0D76E0703CB5}.Ad-Hoc|Any CPU.ActiveCfg = Release|Any CPU
		{ED7A62B6-E1CC-45B8-B4D1-0D76E0703CB5}.Ad-Hoc|Any CPU.Build.0 = Release|Any CPU
		{ED7A62B6-E1CC-45B8-B4D1-0D76E0703CB5}.Ad-Hoc|ARM.ActiveCfg = Release|ARM
		{ED7A62B6-E1CC-45B8-B4D1-0D76E0703CB5}.Ad-Hoc|ARM.Build.0 = Release|ARM
		{ED7A62B6-E1CC-45B8-B4D1-0D76E0703CB5}.Ad-Hoc|iPhone.ActiveCfg = Release|Any CPU
		{ED7A62B6-E1CC-45B8-B4D1-0D76E0703CB5}.Ad-Hoc|iPhone.Build.0 = Release|Any CPU
		{ED7A62B6-E1CC-45B8-B4D1-0D76E0703CB5}.Ad-Hoc|iPhoneSimulator.ActiveCfg = Release|Any CPU
		{ED7A62B6-E1CC-45B8-B4D1-0D76E0703CB5}.Ad-Hoc|iPhoneSimulator.Build.0 = Release|Any CPU
		{ED7A62B6-E1CC-45B8-B4D1-0D76E0703CB5}.Ad-Hoc|x64.ActiveCfg = Release|x64
		{ED7A62B6-E1CC-45B8-B4D1-0D76E0703CB5}.Ad-Hoc|x64.Build.0 = Release|x64
		{ED7A62B6-E1CC-45B8-B4D1-0D76E0703CB5}.Ad-Hoc|x86.ActiveCfg = Release|x86
		{ED7A62B6-E1CC-45B8-B4D1-0D76E0703CB5}.Ad-Hoc|x86.Build.0 = Release|x86
		{ED7A62B6-E1CC-45B8-B4D1-0D76E0703CB5}.AppStore|Any CPU.ActiveCfg = Release|Any CPU
		{ED7A62B6-E1CC-45B8-B4D1-0D76E0703CB5}.AppStore|Any CPU.Build.0 = Release|Any CPU
		{ED7A62B6-E1CC-45B8-B4D1-0D76E0703CB5}.AppStore|ARM.ActiveCfg = Release|ARM
		{ED7A62B6-E1CC-45B8-B4D1-0D76E0703CB5}.AppStore|ARM.Build.0 = Release|ARM
		{ED7A62B6-E1CC-45B8-B4D1-0D76E0703CB5}.AppStore|iPhone.ActiveCfg = Release|Any CPU
		{ED7A62B6-E1CC-45B8-B4D1-0D76E0703CB5}.AppStore|iPhone.Build.0 = Release|Any CPU
		{ED7A62B6-E1CC-45B8-B4D1-0D76E0703CB5}.AppStore|iPhoneSimulator.ActiveCfg = Release|Any CPU
		{ED7A62B6-E1CC-45B8-B4D1-0D76E0703CB5}.AppStore|iPhoneSimulator.Build.0 = Release|Any CPU
		{ED7A62B6-E1CC-45B8-B4D1-0D76E0703CB5}.AppStore|x64.ActiveCfg = Release|x64
		{ED7A62B6-E1CC-45B8-B4D1-0D76E0703CB5}.AppStore|x64.Build.0 = Release|x64
		{ED7A62B6-E1CC-45B8-B4D1-0D76E0703CB5}.AppStore|x86.ActiveCfg = Release|x86
		{ED7A62B6-E1CC-45B8-B4D1-0D76E0703CB5}.AppStore|x86.Build.0 = Release|x86
		{ED7A62B6-E1CC-45B8-B4D1-0D76E0703CB5}.Debug|Any CPU.ActiveCfg = Debug|Any CPU
		{ED7A62B6-E1CC-45B8-B4D1-0D76E0703CB5}.Debug|Any CPU.Build.0 = Debug|Any CPU
		{ED7A62B6-E1CC-45B8-B4D1-0D76E0703CB5}.Debug|ARM.ActiveCfg = Debug|ARM
		{ED7A62B6-E1CC-45B8-B4D1-0D76E0703CB5}.Debug|ARM.Build.0 = Debug|ARM
		{ED7A62B6-E1CC-45B8-B4D1-0D76E0703CB5}.Debug|iPhone.ActiveCfg = Debug|Any CPU
		{ED7A62B6-E1CC-45B8-B4D1-0D76E0703CB5}.Debug|iPhone.Build.0 = Debug|Any CPU
		{ED7A62B6-E1CC-45B8-B4D1-0D76E0703CB5}.Debug|iPhoneSimulator.ActiveCfg = Debug|Any CPU
		{ED7A62B6-E1CC-45B8-B4D1-0D76E0703CB5}.Debug|iPhoneSimulator.Build.0 = Debug|Any CPU
		{ED7A62B6-E1CC-45B8-B4D1-0D76E0703CB5}.Debug|x64.ActiveCfg = Debug|x64
		{ED7A62B6-E1CC-45B8-B4D1-0D76E0703CB5}.Debug|x64.Build.0 = Debug|x64
		{ED7A62B6-E1CC-45B8-B4D1-0D76E0703CB5}.Debug|x86.ActiveCfg = Debug|x86
		{ED7A62B6-E1CC-45B8-B4D1-0D76E0703CB5}.Debug|x86.Build.0 = Debug|x86
		{ED7A62B6-E1CC-45B8-B4D1-0D76E0703CB5}.Release|Any CPU.ActiveCfg = Release|Any CPU
		{ED7A62B6-E1CC-45B8-B4D1-0D76E0703CB5}.Release|Any CPU.Build.0 = Release|Any CPU
		{ED7A62B6-E1CC-45B8-B4D1-0D76E0703CB5}.Release|ARM.ActiveCfg = Release|ARM
		{ED7A62B6-E1CC-45B8-B4D1-0D76E0703CB5}.Release|ARM.Build.0 = Release|ARM
		{ED7A62B6-E1CC-45B8-B4D1-0D76E0703CB5}.Release|iPhone.ActiveCfg = Release|Any CPU
		{ED7A62B6-E1CC-45B8-B4D1-0D76E0703CB5}.Release|iPhone.Build.0 = Release|Any CPU
		{ED7A62B6-E1CC-45B8-B4D1-0D76E0703CB5}.Release|iPhoneSimulator.ActiveCfg = Release|Any CPU
		{ED7A62B6-E1CC-45B8-B4D1-0D76E0703CB5}.Release|iPhoneSimulator.Build.0 = Release|Any CPU
		{ED7A62B6-E1CC-45B8-B4D1-0D76E0703CB5}.Release|x64.ActiveCfg = Release|x64
		{ED7A62B6-E1CC-45B8-B4D1-0D76E0703CB5}.Release|x64.Build.0 = Release|x64
		{ED7A62B6-E1CC-45B8-B4D1-0D76E0703CB5}.Release|x86.ActiveCfg = Release|x86
		{ED7A62B6-E1CC-45B8-B4D1-0D76E0703CB5}.Release|x86.Build.0 = Release|x86
		{384BE087-A6AE-4475-95A8-170A8B37C7A7}.Ad-Hoc|Any CPU.ActiveCfg = Release|Any CPU
		{384BE087-A6AE-4475-95A8-170A8B37C7A7}.Ad-Hoc|Any CPU.Build.0 = Release|Any CPU
		{384BE087-A6AE-4475-95A8-170A8B37C7A7}.Ad-Hoc|ARM.ActiveCfg = Release|Any CPU
		{384BE087-A6AE-4475-95A8-170A8B37C7A7}.Ad-Hoc|ARM.Build.0 = Release|Any CPU
		{384BE087-A6AE-4475-95A8-170A8B37C7A7}.Ad-Hoc|iPhone.ActiveCfg = Release|Any CPU
		{384BE087-A6AE-4475-95A8-170A8B37C7A7}.Ad-Hoc|iPhone.Build.0 = Release|Any CPU
		{384BE087-A6AE-4475-95A8-170A8B37C7A7}.Ad-Hoc|iPhoneSimulator.ActiveCfg = Release|Any CPU
		{384BE087-A6AE-4475-95A8-170A8B37C7A7}.Ad-Hoc|iPhoneSimulator.Build.0 = Release|Any CPU
		{384BE087-A6AE-4475-95A8-170A8B37C7A7}.Ad-Hoc|x64.ActiveCfg = Release|Any CPU
		{384BE087-A6AE-4475-95A8-170A8B37C7A7}.Ad-Hoc|x64.Build.0 = Release|Any CPU
		{384BE087-A6AE-4475-95A8-170A8B37C7A7}.Ad-Hoc|x86.ActiveCfg = Release|Any CPU
		{384BE087-A6AE-4475-95A8-170A8B37C7A7}.Ad-Hoc|x86.Build.0 = Release|Any CPU
		{384BE087-A6AE-4475-95A8-170A8B37C7A7}.AppStore|Any CPU.ActiveCfg = Release|Any CPU
		{384BE087-A6AE-4475-95A8-170A8B37C7A7}.AppStore|Any CPU.Build.0 = Release|Any CPU
		{384BE087-A6AE-4475-95A8-170A8B37C7A7}.AppStore|ARM.ActiveCfg = Release|Any CPU
		{384BE087-A6AE-4475-95A8-170A8B37C7A7}.AppStore|ARM.Build.0 = Release|Any CPU
		{384BE087-A6AE-4475-95A8-170A8B37C7A7}.AppStore|iPhone.ActiveCfg = Release|Any CPU
		{384BE087-A6AE-4475-95A8-170A8B37C7A7}.AppStore|iPhone.Build.0 = Release|Any CPU
		{384BE087-A6AE-4475-95A8-170A8B37C7A7}.AppStore|iPhoneSimulator.ActiveCfg = Release|Any CPU
		{384BE087-A6AE-4475-95A8-170A8B37C7A7}.AppStore|iPhoneSimulator.Build.0 = Release|Any CPU
		{384BE087-A6AE-4475-95A8-170A8B37C7A7}.AppStore|x64.ActiveCfg = Release|Any CPU
		{384BE087-A6AE-4475-95A8-170A8B37C7A7}.AppStore|x64.Build.0 = Release|Any CPU
		{384BE087-A6AE-4475-95A8-170A8B37C7A7}.AppStore|x86.ActiveCfg = Release|Any CPU
		{384BE087-A6AE-4475-95A8-170A8B37C7A7}.AppStore|x86.Build.0 = Release|Any CPU
		{384BE087-A6AE-4475-95A8-170A8B37C7A7}.Debug|Any CPU.ActiveCfg = Debug|Any CPU
		{384BE087-A6AE-4475-95A8-170A8B37C7A7}.Debug|Any CPU.Build.0 = Debug|Any CPU
		{384BE087-A6AE-4475-95A8-170A8B37C7A7}.Debug|ARM.ActiveCfg = Debug|Any CPU
		{384BE087-A6AE-4475-95A8-170A8B37C7A7}.Debug|ARM.Build.0 = Debug|Any CPU
		{384BE087-A6AE-4475-95A8-170A8B37C7A7}.Debug|iPhone.ActiveCfg = Debug|Any CPU
		{384BE087-A6AE-4475-95A8-170A8B37C7A7}.Debug|iPhone.Build.0 = Debug|Any CPU
		{384BE087-A6AE-4475-95A8-170A8B37C7A7}.Debug|iPhoneSimulator.ActiveCfg = Debug|Any CPU
		{384BE087-A6AE-4475-95A8-170A8B37C7A7}.Debug|iPhoneSimulator.Build.0 = Debug|Any CPU
		{384BE087-A6AE-4475-95A8-170A8B37C7A7}.Debug|x64.ActiveCfg = Debug|Any CPU
		{384BE087-A6AE-4475-95A8-170A8B37C7A7}.Debug|x64.Build.0 = Debug|Any CPU
		{384BE087-A6AE-4475-95A8-170A8B37C7A7}.Debug|x86.ActiveCfg = Debug|Any CPU
		{384BE087-A6AE-4475-95A8-170A8B37C7A7}.Debug|x86.Build.0 = Debug|Any CPU
		{384BE087-A6AE-4475-95A8-170A8B37C7A7}.Release|Any CPU.ActiveCfg = Release|Any CPU
		{384BE087-A6AE-4475-95A8-170A8B37C7A7}.Release|Any CPU.Build.0 = Release|Any CPU
		{384BE087-A6AE-4475-95A8-170A8B37C7A7}.Release|ARM.ActiveCfg = Release|Any CPU
		{384BE087-A6AE-4475-95A8-170A8B37C7A7}.Release|ARM.Build.0 = Release|Any CPU
		{384BE087-A6AE-4475-95A8-170A8B37C7A7}.Release|iPhone.ActiveCfg = Release|Any CPU
		{384BE087-A6AE-4475-95A8-170A8B37C7A7}.Release|iPhone.Build.0 = Release|Any CPU
		{384BE087-A6AE-4475-95A8-170A8B37C7A7}.Release|iPhoneSimulator.ActiveCfg = Release|Any CPU
		{384BE087-A6AE-4475-95A8-170A8B37C7A7}.Release|iPhoneSimulator.Build.0 = Release|Any CPU
		{384BE087-A6AE-4475-95A8-170A8B37C7A7}.Release|x64.ActiveCfg = Release|Any CPU
		{384BE087-A6AE-4475-95A8-170A8B37C7A7}.Release|x64.Build.0 = Release|Any CPU
		{384BE087-A6AE-4475-95A8-170A8B37C7A7}.Release|x86.ActiveCfg = Release|Any CPU
		{384BE087-A6AE-4475-95A8-170A8B37C7A7}.Release|x86.Build.0 = Release|Any CPU
	EndGlobalSection
	GlobalSection(SolutionProperties) = preSolution
		HideSolutionNode = FALSE
	EndGlobalSection
EndGlobal
